
Microsoft Visual Studio Solution File, Format Version 12.00
# Visual Studio Version 17
VisualStudioVersion = 17.5.33627.172
MinimumVisualStudioVersion = 10.0.40219.1
Project("{9A19103F-16F7-4668-BE54-9A1E7A4F7556}") = "01.Train", "01.Train\01.Train.csproj", "{A7494AA2-88C2-448D-91F8-38F8D3131C41}"
EndProject
Project("{9A19103F-16F7-4668-BE54-9A1E7A4F7556}") = "02.CommonElements", "02.CommonElements\02.CommonElements.csproj", "{24F4EF4B-79B5-4D55-9776-59F12E52C6D0}"
EndProject
Project("{9A19103F-16F7-4668-BE54-9A1E7A4F7556}") = "07.MaxSequenceOfEqualElements", "07.MaxSequenceOfEqualElements\07.MaxSequenceOfEqualElements.csproj", "{634EBDA5-E92E-4088-AFBD-53FC7634F7C0}"
EndProject
Project("{9A19103F-16F7-4668-BE54-9A1E7A4F7556}") = "10. LadyBugs", "10. LadyBugs\10. LadyBugs.csproj", "{378AB6C1-EEFC-472D-9F23-CFDFD4F4807E}"
EndProject
Project("{9A19103F-16F7-4668-BE54-9A1E7A4F7556}") = "03.ZigZagArrays", "03.ZigZagArrays\03.ZigZagArrays.csproj", "{ACD89880-5892-4FC0-A9DE-D0D62E015C9B}"
EndProject
Project("{9A19103F-16F7-4668-BE54-9A1E7A4F7556}") = "04.ArrayRotation", "04.ArrayRotation\04.ArrayRotation.csproj", "{A873BD9D-5637-4FD2-8962-466C8FE99B8E}"
EndProject
Project("{9A19103F-16F7-4668-BE54-9A1E7A4F7556}") = "05.TopIntegers", "05.TopIntegers\05.TopIntegers.csproj", "{D3B5FCC2-F12B-44AA-AB8F-F74E60C38118}"
EndProject
Project("{9A19103F-16F7-4668-BE54-9A1E7A4F7556}") = "06.EqualSum", "06.EqualSum\06.EqualSum.csproj", "{8F6A3116-A70E-4689-9AB6-FD2DA77DD89D}"
EndProject
Project("{9A19103F-16F7-4668-BE54-9A1E7A4F7556}") = "08.MagicSum", "08.MagicSum\08.MagicSum.csproj", "{2A9ED54C-E168-4CAE-B310-C14CB20B436A}"
EndProject
Project("{FAE04EC0-301F-11D3-BF4B-00C04F79EFBC}") = "09.KaminoFactory", "09.KaminoFactory\09.KaminoFactory.csproj", "{75F29297-824C-42F9-ABB7-77ABE3B20E0E}"
EndProject
Global
	GlobalSection(SolutionConfigurationPlatforms) = preSolution
		Debug|Any CPU = Debug|Any CPU
		Release|Any CPU = Release|Any CPU
	EndGlobalSection
	GlobalSection(ProjectConfigurationPlatforms) = postSolution
		{A7494AA2-88C2-448D-91F8-38F8D3131C41}.Debug|Any CPU.ActiveCfg = Debug|Any CPU
		{A7494AA2-88C2-448D-91F8-38F8D3131C41}.Debug|Any CPU.Build.0 = Debug|Any CPU
		{A7494AA2-88C2-448D-91F8-38F8D3131C41}.Release|Any CPU.ActiveCfg = Release|Any CPU
		{A7494AA2-88C2-448D-91F8-38F8D3131C41}.Release|Any CPU.Build.0 = Release|Any CPU
		{24F4EF4B-79B5-4D55-9776-59F12E52C6D0}.Debug|Any CPU.ActiveCfg = Debug|Any CPU
		{24F4EF4B-79B5-4D55-9776-59F12E52C6D0}.Debug|Any CPU.Build.0 = Debug|Any CPU
		{24F4EF4B-79B5-4D55-9776-59F12E52C6D0}.Release|Any CPU.ActiveCfg = Release|Any CPU
		{24F4EF4B-79B5-4D55-9776-59F12E52C6D0}.Release|Any CPU.Build.0 = Release|Any CPU
		{634EBDA5-E92E-4088-AFBD-53FC7634F7C0}.Debug|Any CPU.ActiveCfg = Debug|Any CPU
		{634EBDA5-E92E-4088-AFBD-53FC7634F7C0}.Debug|Any CPU.Build.0 = Debug|Any CPU
		{634EBDA5-E92E-4088-AFBD-53FC7634F7C0}.Release|Any CPU.ActiveCfg = Release|Any CPU
		{634EBDA5-E92E-4088-AFBD-53FC7634F7C0}.Release|Any CPU.Build.0 = Release|Any CPU
		{378AB6C1-EEFC-472D-9F23-CFDFD4F4807E}.Debug|Any CPU.ActiveCfg = Debug|Any CPU
		{378AB6C1-EEFC-472D-9F23-CFDFD4F4807E}.Debug|Any CPU.Build.0 = Debug|Any CPU
		{378AB6C1-EEFC-472D-9F23-CFDFD4F4807E}.Release|Any CPU.ActiveCfg = Release|Any CPU
		{378AB6C1-EEFC-472D-9F23-CFDFD4F4807E}.Release|Any CPU.Build.0 = Release|Any CPU
		{ACD89880-5892-4FC0-A9DE-D0D62E015C9B}.Debug|Any CPU.ActiveCfg = Debug|Any CPU
		{ACD89880-5892-4FC0-A9DE-D0D62E015C9B}.Debug|Any CPU.Build.0 = Debug|Any CPU
		{ACD89880-5892-4FC0-A9DE-D0D62E015C9B}.Release|Any CPU.ActiveCfg = Release|Any CPU
		{ACD89880-5892-4FC0-A9DE-D0D62E015C9B}.Release|Any CPU.Build.0 = Release|Any CPU
		{A873BD9D-5637-4FD2-8962-466C8FE99B8E}.Debug|Any CPU.ActiveCfg = Debug|Any CPU
		{A873BD9D-5637-4FD2-8962-466C8FE99B8E}.Debug|Any CPU.Build.0 = Debug|Any CPU
		{A873BD9D-5637-4FD2-8962-466C8FE99B8E}.Release|Any CPU.ActiveCfg = Release|Any CPU
		{A873BD9D-5637-4FD2-8962-466C8FE99B8E}.Release|Any CPU.Build.0 = Release|Any CPU
		{D3B5FCC2-F12B-44AA-AB8F-F74E60C38118}.Debug|Any CPU.ActiveCfg = Debug|Any CPU
		{D3B5FCC2-F12B-44AA-AB8F-F74E60C38118}.Debug|Any CPU.Build.0 = Debug|Any CPU
		{D3B5FCC2-F12B-44AA-AB8F-F74E60C38118}.Release|Any CPU.ActiveCfg = Release|Any CPU
		{D3B5FCC2-F12B-44AA-AB8F-F74E60C38118}.Release|Any CPU.Build.0 = Release|Any CPU
		{8F6A3116-A70E-4689-9AB6-FD2DA77DD89D}.Debug|Any CPU.ActiveCfg = Debug|Any CPU
		{8F6A3116-A70E-4689-9AB6-FD2DA77DD89D}.Debug|Any CPU.Build.0 = Debug|Any CPU
		{8F6A3116-A70E-4689-9AB6-FD2DA77DD89D}.Release|Any CPU.ActiveCfg = Release|Any CPU
		{8F6A3116-A70E-4689-9AB6-FD2DA77DD89D}.Release|Any CPU.Build.0 = Release|Any CPU
		{2A9ED54C-E168-4CAE-B310-C14CB20B436A}.Debug|Any CPU.ActiveCfg = Debug|Any CPU
		{2A9ED54C-E168-4CAE-B310-C14CB20B436A}.Debug|Any CPU.Build.0 = Debug|Any CPU
		{2A9ED54C-E168-4CAE-B310-C14CB20B436A}.Release|Any CPU.ActiveCfg = Release|Any CPU
		{2A9ED54C-E168-4CAE-B310-C14CB20B436A}.Release|Any CPU.Build.0 = Release|Any CPU
		{75F29297-824C-42F9-ABB7-77ABE3B20E0E}.Debug|Any CPU.ActiveCfg = Debug|Any CPU
		{75F29297-824C-42F9-ABB7-77ABE3B20E0E}.Debug|Any CPU.Build.0 = Debug|Any CPU
		{75F29297-824C-42F9-ABB7-77ABE3B20E0E}.Release|Any CPU.ActiveCfg = Release|Any CPU
		{75F29297-824C-42F9-ABB7-77ABE3B20E0E}.Release|Any CPU.Build.0 = Release|Any CPU
	EndGlobalSection
	GlobalSection(SolutionProperties) = preSolution
		HideSolutionNode = FALSE
	EndGlobalSection
	GlobalSection(ExtensibilityGlobals) = postSolution
		SolutionGuid = {E27E490B-44F5-4832-98C5-AA8CB3B55510}
	EndGlobalSection
EndGlobal
