
Microsoft Visual Studio Solution File, Format Version 12.00
# Visual Studio Version 17
VisualStudioVersion = 17.5.33627.172
MinimumVisualStudioVersion = 10.0.40219.1
Project("{FAE04EC0-301F-11D3-BF4B-00C04F79EFBC}") = "test", "test\test.csproj", "{6FB55B89-582E-4727-896F-9C7B81462457}"
EndProject
Global
	GlobalSection(SolutionConfigurationPlatforms) = preSolution
		Debug|Any CPU = Debug|Any CPU
		Release|Any CPU = Release|Any CPU
	EndGlobalSection
	GlobalSection(ProjectConfigurationPlatforms) = postSolution
		{6FB55B89-582E-4727-896F-9C7B81462457}.Debug|Any CPU.ActiveCfg = Debug|Any CPU
		{6FB55B89-582E-4727-896F-9C7B81462457}.Debug|Any CPU.Build.0 = Debug|Any CPU
		{6FB55B89-582E-4727-896F-9C7B81462457}.Release|Any CPU.ActiveCfg = Release|Any CPU
		{6FB55B89-582E-4727-896F-9C7B81462457}.Release|Any CPU.Build.0 = Release|Any CPU
	EndGlobalSection
	GlobalSection(SolutionProperties) = preSolution
		HideSolutionNode = FALSE
	EndGlobalSection
	GlobalSection(ExtensibilityGlobals) = postSolution
		SolutionGuid = {4902C66B-7497-44C0-AB4D-90D9ADFA5B84}
	EndGlobalSection
EndGlobal
