
Microsoft Visual Studio Solution File, Format Version 12.00
# Visual Studio Version 17
VisualStudioVersion = 17.6.33829.357
MinimumVisualStudioVersion = 10.0.40219.1
Project("{9A19103F-16F7-4668-BE54-9A1E7A4F7556}") = "01.ActivationKeys", "01.ActivationKeys\01.ActivationKeys.csproj", "{E59B38C6-4F5A-4C84-BD47-EBDB1C37C28E}"
EndProject
Project("{9A19103F-16F7-4668-BE54-9A1E7A4F7556}") = "01SecretChat", "01SecretChat\01SecretChat.csproj", "{AC264F96-70F6-4E54-967D-67E0673D1092}"
EndProject
Project("{9A19103F-16F7-4668-BE54-9A1E7A4F7556}") = "02.EmojiDetector", "02.EmojiDetector\02.EmojiDetector.csproj", "{C319BE95-2F0C-4F65-9BAF-E89CD381583E}"
EndProject
Project("{9A19103F-16F7-4668-BE54-9A1E7A4F7556}") = "02.FancyBarcodes", "02.FancyBarcodes\02.FancyBarcodes.csproj", "{157469FD-9862-4010-9E3A-A2B198C896B7}"
EndProject
Project("{9A19103F-16F7-4668-BE54-9A1E7A4F7556}") = "03.HeroesOfCodeAndLogicVII", "03.HeroesOfCodeAndLogicVII\03.HeroesOfCodeAndLogicVII.csproj", "{8C8C3F77-E202-4D8A-93C0-959ED2CB634D}"
EndProject
Project("{FAE04EC0-301F-11D3-BF4B-00C04F79EFBC}") = "03.NeedForSpeedIII", "03.NeedForSpeedIII\03.NeedForSpeedIII.csproj", "{2819A595-AAE5-4976-A211-E179806F5504}"
EndProject
Project("{FAE04EC0-301F-11D3-BF4B-00C04F79EFBC}") = "03.ThePianist", "03.ThePianist\03.ThePianist.csproj", "{2F0B4B32-9138-4F40-87FC-0A1BC08B7D86}"
EndProject
Global
	GlobalSection(SolutionConfigurationPlatforms) = preSolution
		Debug|Any CPU = Debug|Any CPU
		Release|Any CPU = Release|Any CPU
	EndGlobalSection
	GlobalSection(ProjectConfigurationPlatforms) = postSolution
		{E59B38C6-4F5A-4C84-BD47-EBDB1C37C28E}.Debug|Any CPU.ActiveCfg = Debug|Any CPU
		{E59B38C6-4F5A-4C84-BD47-EBDB1C37C28E}.Debug|Any CPU.Build.0 = Debug|Any CPU
		{E59B38C6-4F5A-4C84-BD47-EBDB1C37C28E}.Release|Any CPU.ActiveCfg = Release|Any CPU
		{E59B38C6-4F5A-4C84-BD47-EBDB1C37C28E}.Release|Any CPU.Build.0 = Release|Any CPU
		{AC264F96-70F6-4E54-967D-67E0673D1092}.Debug|Any CPU.ActiveCfg = Debug|Any CPU
		{AC264F96-70F6-4E54-967D-67E0673D1092}.Debug|Any CPU.Build.0 = Debug|Any CPU
		{AC264F96-70F6-4E54-967D-67E0673D1092}.Release|Any CPU.ActiveCfg = Release|Any CPU
		{AC264F96-70F6-4E54-967D-67E0673D1092}.Release|Any CPU.Build.0 = Release|Any CPU
		{C319BE95-2F0C-4F65-9BAF-E89CD381583E}.Debug|Any CPU.ActiveCfg = Debug|Any CPU
		{C319BE95-2F0C-4F65-9BAF-E89CD381583E}.Debug|Any CPU.Build.0 = Debug|Any CPU
		{C319BE95-2F0C-4F65-9BAF-E89CD381583E}.Release|Any CPU.ActiveCfg = Release|Any CPU
		{C319BE95-2F0C-4F65-9BAF-E89CD381583E}.Release|Any CPU.Build.0 = Release|Any CPU
		{157469FD-9862-4010-9E3A-A2B198C896B7}.Debug|Any CPU.ActiveCfg = Debug|Any CPU
		{157469FD-9862-4010-9E3A-A2B198C896B7}.Debug|Any CPU.Build.0 = Debug|Any CPU
		{157469FD-9862-4010-9E3A-A2B198C896B7}.Release|Any CPU.ActiveCfg = Release|Any CPU
		{157469FD-9862-4010-9E3A-A2B198C896B7}.Release|Any CPU.Build.0 = Release|Any CPU
		{8C8C3F77-E202-4D8A-93C0-959ED2CB634D}.Debug|Any CPU.ActiveCfg = Debug|Any CPU
		{8C8C3F77-E202-4D8A-93C0-959ED2CB634D}.Debug|Any CPU.Build.0 = Debug|Any CPU
		{8C8C3F77-E202-4D8A-93C0-959ED2CB634D}.Release|Any CPU.ActiveCfg = Release|Any CPU
		{8C8C3F77-E202-4D8A-93C0-959ED2CB634D}.Release|Any CPU.Build.0 = Release|Any CPU
		{2819A595-AAE5-4976-A211-E179806F5504}.Debug|Any CPU.ActiveCfg = Debug|Any CPU
		{2819A595-AAE5-4976-A211-E179806F5504}.Debug|Any CPU.Build.0 = Debug|Any CPU
		{2819A595-AAE5-4976-A211-E179806F5504}.Release|Any CPU.ActiveCfg = Release|Any CPU
		{2819A595-AAE5-4976-A211-E179806F5504}.Release|Any CPU.Build.0 = Release|Any CPU
		{2F0B4B32-9138-4F40-87FC-0A1BC08B7D86}.Debug|Any CPU.ActiveCfg = Debug|Any CPU
		{2F0B4B32-9138-4F40-87FC-0A1BC08B7D86}.Debug|Any CPU.Build.0 = Debug|Any CPU
		{2F0B4B32-9138-4F40-87FC-0A1BC08B7D86}.Release|Any CPU.ActiveCfg = Release|Any CPU
		{2F0B4B32-9138-4F40-87FC-0A1BC08B7D86}.Release|Any CPU.Build.0 = Release|Any CPU
	EndGlobalSection
	GlobalSection(SolutionProperties) = preSolution
		HideSolutionNode = FALSE
	EndGlobalSection
	GlobalSection(ExtensibilityGlobals) = postSolution
		SolutionGuid = {00DEEBC2-036B-4B2B-A79C-40267A919719}
	EndGlobalSection
EndGlobal
