
Microsoft Visual Studio Solution File, Format Version 12.00
# Visual Studio Version 17
VisualStudioVersion = 17.5.33627.172
MinimumVisualStudioVersion = 10.0.40219.1
Project("{9A19103F-16F7-4668-BE54-9A1E7A4F7556}") = "01.StudentInformation", "01.StudentInformation\01.StudentInformation.csproj", "{0FED5420-FB9B-4305-B2C1-1A88844E074C}"
EndProject
Project("{9A19103F-16F7-4668-BE54-9A1E7A4F7556}") = "04.BackIn30Minutes", "04.BackIn30Minutes\04.BackIn30Minutes.csproj", "{6B610377-448C-4F95-B4AC-463D7592D0BA}"
EndProject
Project("{9A19103F-16F7-4668-BE54-9A1E7A4F7556}") = "13.DebugTheCode_HolidaysBetweenTwoDates", "13.DebugTheCode_HolidaysBetweenTwoDates\13.DebugTheCode_HolidaysBetweenTwoDates.csproj", "{F8235491-0D1B-4426-B94F-25CC5B94F61F}"
EndProject
Project("{9A19103F-16F7-4668-BE54-9A1E7A4F7556}") = "02.Passed", "02.Passed\02.Passed.csproj", "{1E37439F-840A-4350-95B2-50E632E7216C}"
EndProject
Project("{9A19103F-16F7-4668-BE54-9A1E7A4F7556}") = "03.PassedOrFailed", "03.PassedOrFailed\03.PassedOrFailed.csproj", "{2ABBA924-F33A-4659-820F-0AACF2C5A3A8}"
EndProject
Project("{9A19103F-16F7-4668-BE54-9A1E7A4F7556}") = "05.MonthPrinter", "05.MonthPrinter\05.MonthPrinter.csproj", "{7EEBD89D-7B18-4942-A9FB-2C9940B48D21}"
EndProject
Project("{9A19103F-16F7-4668-BE54-9A1E7A4F7556}") = "06.ForeignLanguages", "06.ForeignLanguages\06.ForeignLanguages.csproj", "{C8612B0B-CB65-422F-BD89-C66EB0D67172}"
EndProject
Project("{9A19103F-16F7-4668-BE54-9A1E7A4F7556}") = "07.TheatrePromotions", "07.TheatrePromotions\07.TheatrePromotions.csproj", "{F203325A-27CF-4D78-BB37-F6ADF2AE77BF}"
EndProject
Project("{FAE04EC0-301F-11D3-BF4B-00C04F79EFBC}") = "08.DivisibleBy3", "08.DivisibleBy3\08.DivisibleBy3.csproj", "{E7A924B5-ABB3-4B16-AFE3-3DD1D0AB99ED}"
EndProject
Project("{FAE04EC0-301F-11D3-BF4B-00C04F79EFBC}") = "09.SumOfOddNumbers", "09.SumOfOddNumbers\09.SumOfOddNumbers.csproj", "{FFB7491C-8C83-4C67-B5D3-1380C6C207A0}"
EndProject
Project("{FAE04EC0-301F-11D3-BF4B-00C04F79EFBC}") = "10.MultiplicationTable", "10.MultiplicationTable\10.MultiplicationTable.csproj", "{0E31386A-5525-473C-852A-0EF830DBB153}"
EndProject
Project("{FAE04EC0-301F-11D3-BF4B-00C04F79EFBC}") = "11.MultiplicationTable2.0", "11.MultiplicationTable2.0\11.MultiplicationTable2.0.csproj", "{754504C6-8561-4AC8-9819-F0B806D7AB51}"
EndProject
Project("{FAE04EC0-301F-11D3-BF4B-00C04F79EFBC}") = "12.EvenNumber", "12.EvenNumber\12.EvenNumber.csproj", "{37085808-88F0-4C60-A097-45E3729D25DB}"
EndProject
Global
	GlobalSection(SolutionConfigurationPlatforms) = preSolution
		Debug|Any CPU = Debug|Any CPU
		Release|Any CPU = Release|Any CPU
	EndGlobalSection
	GlobalSection(ProjectConfigurationPlatforms) = postSolution
		{0FED5420-FB9B-4305-B2C1-1A88844E074C}.Debug|Any CPU.ActiveCfg = Debug|Any CPU
		{0FED5420-FB9B-4305-B2C1-1A88844E074C}.Debug|Any CPU.Build.0 = Debug|Any CPU
		{0FED5420-FB9B-4305-B2C1-1A88844E074C}.Release|Any CPU.ActiveCfg = Release|Any CPU
		{0FED5420-FB9B-4305-B2C1-1A88844E074C}.Release|Any CPU.Build.0 = Release|Any CPU
		{6B610377-448C-4F95-B4AC-463D7592D0BA}.Debug|Any CPU.ActiveCfg = Debug|Any CPU
		{6B610377-448C-4F95-B4AC-463D7592D0BA}.Debug|Any CPU.Build.0 = Debug|Any CPU
		{6B610377-448C-4F95-B4AC-463D7592D0BA}.Release|Any CPU.ActiveCfg = Release|Any CPU
		{6B610377-448C-4F95-B4AC-463D7592D0BA}.Release|Any CPU.Build.0 = Release|Any CPU
		{F8235491-0D1B-4426-B94F-25CC5B94F61F}.Debug|Any CPU.ActiveCfg = Debug|Any CPU
		{F8235491-0D1B-4426-B94F-25CC5B94F61F}.Debug|Any CPU.Build.0 = Debug|Any CPU
		{F8235491-0D1B-4426-B94F-25CC5B94F61F}.Release|Any CPU.ActiveCfg = Release|Any CPU
		{F8235491-0D1B-4426-B94F-25CC5B94F61F}.Release|Any CPU.Build.0 = Release|Any CPU
		{1E37439F-840A-4350-95B2-50E632E7216C}.Debug|Any CPU.ActiveCfg = Debug|Any CPU
		{1E37439F-840A-4350-95B2-50E632E7216C}.Debug|Any CPU.Build.0 = Debug|Any CPU
		{1E37439F-840A-4350-95B2-50E632E7216C}.Release|Any CPU.ActiveCfg = Release|Any CPU
		{1E37439F-840A-4350-95B2-50E632E7216C}.Release|Any CPU.Build.0 = Release|Any CPU
		{2ABBA924-F33A-4659-820F-0AACF2C5A3A8}.Debug|Any CPU.ActiveCfg = Debug|Any CPU
		{2ABBA924-F33A-4659-820F-0AACF2C5A3A8}.Debug|Any CPU.Build.0 = Debug|Any CPU
		{2ABBA924-F33A-4659-820F-0AACF2C5A3A8}.Release|Any CPU.ActiveCfg = Release|Any CPU
		{2ABBA924-F33A-4659-820F-0AACF2C5A3A8}.Release|Any CPU.Build.0 = Release|Any CPU
		{7EEBD89D-7B18-4942-A9FB-2C9940B48D21}.Debug|Any CPU.ActiveCfg = Debug|Any CPU
		{7EEBD89D-7B18-4942-A9FB-2C9940B48D21}.Debug|Any CPU.Build.0 = Debug|Any CPU
		{7EEBD89D-7B18-4942-A9FB-2C9940B48D21}.Release|Any CPU.ActiveCfg = Release|Any CPU
		{7EEBD89D-7B18-4942-A9FB-2C9940B48D21}.Release|Any CPU.Build.0 = Release|Any CPU
		{C8612B0B-CB65-422F-BD89-C66EB0D67172}.Debug|Any CPU.ActiveCfg = Debug|Any CPU
		{C8612B0B-CB65-422F-BD89-C66EB0D67172}.Debug|Any CPU.Build.0 = Debug|Any CPU
		{C8612B0B-CB65-422F-BD89-C66EB0D67172}.Release|Any CPU.ActiveCfg = Release|Any CPU
		{C8612B0B-CB65-422F-BD89-C66EB0D67172}.Release|Any CPU.Build.0 = Release|Any CPU
		{F203325A-27CF-4D78-BB37-F6ADF2AE77BF}.Debug|Any CPU.ActiveCfg = Debug|Any CPU
		{F203325A-27CF-4D78-BB37-F6ADF2AE77BF}.Debug|Any CPU.Build.0 = Debug|Any CPU
		{F203325A-27CF-4D78-BB37-F6ADF2AE77BF}.Release|Any CPU.ActiveCfg = Release|Any CPU
		{F203325A-27CF-4D78-BB37-F6ADF2AE77BF}.Release|Any CPU.Build.0 = Release|Any CPU
		{E7A924B5-ABB3-4B16-AFE3-3DD1D0AB99ED}.Debug|Any CPU.ActiveCfg = Debug|Any CPU
		{E7A924B5-ABB3-4B16-AFE3-3DD1D0AB99ED}.Debug|Any CPU.Build.0 = Debug|Any CPU
		{E7A924B5-ABB3-4B16-AFE3-3DD1D0AB99ED}.Release|Any CPU.ActiveCfg = Release|Any CPU
		{E7A924B5-ABB3-4B16-AFE3-3DD1D0AB99ED}.Release|Any CPU.Build.0 = Release|Any CPU
		{FFB7491C-8C83-4C67-B5D3-1380C6C207A0}.Debug|Any CPU.ActiveCfg = Debug|Any CPU
		{FFB7491C-8C83-4C67-B5D3-1380C6C207A0}.Debug|Any CPU.Build.0 = Debug|Any CPU
		{FFB7491C-8C83-4C67-B5D3-1380C6C207A0}.Release|Any CPU.ActiveCfg = Release|Any CPU
		{FFB7491C-8C83-4C67-B5D3-1380C6C207A0}.Release|Any CPU.Build.0 = Release|Any CPU
		{0E31386A-5525-473C-852A-0EF830DBB153}.Debug|Any CPU.ActiveCfg = Debug|Any CPU
		{0E31386A-5525-473C-852A-0EF830DBB153}.Debug|Any CPU.Build.0 = Debug|Any CPU
		{0E31386A-5525-473C-852A-0EF830DBB153}.Release|Any CPU.ActiveCfg = Release|Any CPU
		{0E31386A-5525-473C-852A-0EF830DBB153}.Release|Any CPU.Build.0 = Release|Any CPU
		{754504C6-8561-4AC8-9819-F0B806D7AB51}.Debug|Any CPU.ActiveCfg = Debug|Any CPU
		{754504C6-8561-4AC8-9819-F0B806D7AB51}.Debug|Any CPU.Build.0 = Debug|Any CPU
		{754504C6-8561-4AC8-9819-F0B806D7AB51}.Release|Any CPU.ActiveCfg = Release|Any CPU
		{754504C6-8561-4AC8-9819-F0B806D7AB51}.Release|Any CPU.Build.0 = Release|Any CPU
		{37085808-88F0-4C60-A097-45E3729D25DB}.Debug|Any CPU.ActiveCfg = Debug|Any CPU
		{37085808-88F0-4C60-A097-45E3729D25DB}.Debug|Any CPU.Build.0 = Debug|Any CPU
		{37085808-88F0-4C60-A097-45E3729D25DB}.Release|Any CPU.ActiveCfg = Release|Any CPU
		{37085808-88F0-4C60-A097-45E3729D25DB}.Release|Any CPU.Build.0 = Release|Any CPU
	EndGlobalSection
	GlobalSection(SolutionProperties) = preSolution
		HideSolutionNode = FALSE
	EndGlobalSection
	GlobalSection(ExtensibilityGlobals) = postSolution
		SolutionGuid = {65987669-D1EC-4EBB-9EE7-731E9EC53BC5}
	EndGlobalSection
EndGlobal
