
Microsoft Visual Studio Solution File, Format Version 12.00
# Visual Studio Version 17
VisualStudioVersion = 17.6.33723.286
MinimumVisualStudioVersion = 10.0.40219.1
Project("{FAE04EC0-301F-11D3-BF4B-00C04F79EFBC}") = "01.BinaryDigitsCount", "01.BinaryDigitsCount\01.BinaryDigitsCount.csproj", "{B7A0B8E9-2F02-42DB-A72B-5DE0102B7C39}"
EndProject
Project("{FAE04EC0-301F-11D3-BF4B-00C04F79EFBC}") = "02.BitAtPosition1", "02.BitAtPosition1\02.BitAtPosition1.csproj", "{051CD487-7642-4D1A-A2C4-EA49ED567CAB}"
EndProject
Project("{FAE04EC0-301F-11D3-BF4B-00C04F79EFBC}") = "03.P-thBit", "03.P-thBit\03.P-thBit.csproj", "{B722AAE3-52A5-46E0-903C-8589FAA48783}"
EndProject
Project("{FAE04EC0-301F-11D3-BF4B-00C04F79EFBC}") = "test", "test\test.csproj", "{3BC8045A-4030-4BE1-834F-44A32635A025}"
EndProject
Project("{FAE04EC0-301F-11D3-BF4B-00C04F79EFBC}") = "04.BitDestroyer", "04.BitDestroyer\04.BitDestroyer.csproj", "{B0E6128B-9934-426F-8729-6A2744DF770F}"
EndProject
Global
	GlobalSection(SolutionConfigurationPlatforms) = preSolution
		Debug|Any CPU = Debug|Any CPU
		Release|Any CPU = Release|Any CPU
	EndGlobalSection
	GlobalSection(ProjectConfigurationPlatforms) = postSolution
		{B7A0B8E9-2F02-42DB-A72B-5DE0102B7C39}.Debug|Any CPU.ActiveCfg = Debug|Any CPU
		{B7A0B8E9-2F02-42DB-A72B-5DE0102B7C39}.Debug|Any CPU.Build.0 = Debug|Any CPU
		{B7A0B8E9-2F02-42DB-A72B-5DE0102B7C39}.Release|Any CPU.ActiveCfg = Release|Any CPU
		{B7A0B8E9-2F02-42DB-A72B-5DE0102B7C39}.Release|Any CPU.Build.0 = Release|Any CPU
		{051CD487-7642-4D1A-A2C4-EA49ED567CAB}.Debug|Any CPU.ActiveCfg = Debug|Any CPU
		{051CD487-7642-4D1A-A2C4-EA49ED567CAB}.Debug|Any CPU.Build.0 = Debug|Any CPU
		{051CD487-7642-4D1A-A2C4-EA49ED567CAB}.Release|Any CPU.ActiveCfg = Release|Any CPU
		{051CD487-7642-4D1A-A2C4-EA49ED567CAB}.Release|Any CPU.Build.0 = Release|Any CPU
		{B722AAE3-52A5-46E0-903C-8589FAA48783}.Debug|Any CPU.ActiveCfg = Debug|Any CPU
		{B722AAE3-52A5-46E0-903C-8589FAA48783}.Debug|Any CPU.Build.0 = Debug|Any CPU
		{B722AAE3-52A5-46E0-903C-8589FAA48783}.Release|Any CPU.ActiveCfg = Release|Any CPU
		{B722AAE3-52A5-46E0-903C-8589FAA48783}.Release|Any CPU.Build.0 = Release|Any CPU
		{3BC8045A-4030-4BE1-834F-44A32635A025}.Debug|Any CPU.ActiveCfg = Debug|Any CPU
		{3BC8045A-4030-4BE1-834F-44A32635A025}.Debug|Any CPU.Build.0 = Debug|Any CPU
		{3BC8045A-4030-4BE1-834F-44A32635A025}.Release|Any CPU.ActiveCfg = Release|Any CPU
		{3BC8045A-4030-4BE1-834F-44A32635A025}.Release|Any CPU.Build.0 = Release|Any CPU
		{B0E6128B-9934-426F-8729-6A2744DF770F}.Debug|Any CPU.ActiveCfg = Debug|Any CPU
		{B0E6128B-9934-426F-8729-6A2744DF770F}.Debug|Any CPU.Build.0 = Debug|Any CPU
		{B0E6128B-9934-426F-8729-6A2744DF770F}.Release|Any CPU.ActiveCfg = Release|Any CPU
		{B0E6128B-9934-426F-8729-6A2744DF770F}.Release|Any CPU.Build.0 = Release|Any CPU
	EndGlobalSection
	GlobalSection(SolutionProperties) = preSolution
		HideSolutionNode = FALSE
	EndGlobalSection
	GlobalSection(ExtensibilityGlobals) = postSolution
		SolutionGuid = {9FD0FAF5-8E67-4F21-B4B8-E3852ECC02D1}
	EndGlobalSection
EndGlobal
